
Microsoft Visual Studio Solution File, Format Version 12.00
# Visual Studio Version 17
VisualStudioVersion = 17.9.34902.65
MinimumVisualStudioVersion = 10.0.40219.1
Project("{FAE04EC0-301F-11D3-BF4B-00C04F79EFBC}") = "CSExercise3", "CSExercise3\CSExercise3.csproj", "{C5787AA7-7D52-4978-8D06-3F87F90D5CBD}"
EndProject
Global
	GlobalSection(SolutionConfigurationPlatforms) = preSolution
		Debug|Any CPU = Debug|Any CPU
		Release|Any CPU = Release|Any CPU
	EndGlobalSection
	GlobalSection(ProjectConfigurationPlatforms) = postSolution
		{C5787AA7-7D52-4978-8D06-3F87F90D5CBD}.Debug|Any CPU.ActiveCfg = Debug|Any CPU
		{C5787AA7-7D52-4978-8D06-3F87F90D5CBD}.Debug|Any CPU.Build.0 = Debug|Any CPU
		{C5787AA7-7D52-4978-8D06-3F87F90D5CBD}.Release|Any CPU.ActiveCfg = Release|Any CPU
		{C5787AA7-7D52-4978-8D06-3F87F90D5CBD}.Release|Any CPU.Build.0 = Release|Any CPU
	EndGlobalSection
	GlobalSection(SolutionProperties) = preSolution
		HideSolutionNode = FALSE
	EndGlobalSection
	GlobalSection(ExtensibilityGlobals) = postSolution
		SolutionGuid = {A8974C11-AF3C-412E-9DC1-84184BD34D5D}
	EndGlobalSection
EndGlobal
